github.com/iceber/iouring-go v0.0.0-20230403020409-002cfd2e2a90 h1:xrtfZokN++5kencK33hn2Kx3Uj8tGnjMEhdt6FMvHD0=
github.com/iceber/iouring-go v0.0.0-20230403020409-002cfd2e2a90/go.mod h1:LEzdaZarZ5aqROlLIwJ4P7h3+4o71008fSy6wpaEB+s=
golang.org/x/sys v0.0.0-20200923182605-d9f96fdee20d/go.mod h1:h1NjWce9XRLGQEsW7wpKNCjG9DtNlClVuFLEZdDNbEs=
golang.org/x/sys v0.35.0 h1:vz1N37gP5bs89s7He8XuIYXpyY0+QlsKmzipCbUtyxI=
golang.org/x/sys v0.35.0/go.mod h1:BJP2sWEmIv4KK5OTEluFJCKSidICx8ciO85XgH3Ak8k=
